
Microsoft Visual Studio Solution File, Format Version 12.00
# Visual Studio Version 16
VisualStudioVersion = 16.0.29509.3
MinimumVisualStudioVersion = 10.0.40219.1
Project("{FAE04EC0-301F-11D3-BF4B-00C04F79EFBC}") = "CRUDSqllitCore", "CRUDSqllitCore.csproj", "{AC908A1F-DAEE-47F9-A457-FC71A22110F7}"
EndProject
Global
	GlobalSection(SolutionConfigurationPlatforms) = preSolution
		Debug|Any CPU = Debug|Any CPU
		Release|Any CPU = Release|Any CPU
	EndGlobalSection
	GlobalSection(ProjectConfigurationPlatforms) = postSolution
		{AC908A1F-DAEE-47F9-A457-FC71A22110F7}.Debug|Any CPU.ActiveCfg = Debug|Any CPU
		{AC908A1F-DAEE-47F9-A457-FC71A22110F7}.Debug|Any CPU.Build.0 = Debug|Any CPU
		{AC908A1F-DAEE-47F9-A457-FC71A22110F7}.Release|Any CPU.ActiveCfg = Release|Any CPU
		{AC908A1F-DAEE-47F9-A457-FC71A22110F7}.Release|Any CPU.Build.0 = Release|Any CPU
	EndGlobalSection
	GlobalSection(SolutionProperties) = preSolution
		HideSolutionNode = FALSE
	EndGlobalSection
	GlobalSection(ExtensibilityGlobals) = postSolution
		SolutionGuid = {7DFF3785-12ED-4E76-A9E6-F1159CBC3F41}
	EndGlobalSection
EndGlobal
